{
  "_content": {
    "Summary": {
      "children": [
        {
          "type": "Paragraph",
          "data": {
            "inline": [
              {
                "type": "Words",
                "data": {
                  "value": "Distributed Centralized Lock"
                }
              }
            ],
            "inner": []
          }
        }
      ],
      "title": null
    },
    "Extended Summary": {
      "children": [],
      "title": null
    },
    "Parameters": {
      "children": [
        {
          "type": "Param",
          "data": {
            "param": "name: string (optional)",
            "type_": "",
            "desc": [
              {
                "type": "Paragraph",
                "data": {
                  "inline": [
                    {
                      "type": "Words",
                      "data": {
                        "value": "Name of the lock to acquire.  Choosing the same name allows two disconnected processes to coordinate a lock.  If not given, a random name will be generated."
                      }
                    }
                  ],
                  "inner": []
                }
              }
            ]
          }
        },
        {
          "type": "Param",
          "data": {
            "param": "client: Client (optional)",
            "type_": "",
            "desc": [
              {
                "type": "Paragraph",
                "data": {
                  "inline": [
                    {
                      "type": "Words",
                      "data": {
                        "value": "Client to use for communication with the scheduler.  If not given, the default global client will be used."
                      }
                    }
                  ],
                  "inner": []
                }
              }
            ]
          }
        }
      ],
      "title": null
    },
    "Returns": {
      "children": [],
      "title": null
    },
    "Yields": {
      "children": [],
      "title": null
    },
    "Receives": {
      "children": [],
      "title": null
    },
    "Raises": {
      "children": [],
      "title": null
    },
    "Warns": {
      "children": [],
      "title": null
    },
    "Other Parameters": {
      "children": [],
      "title": null
    },
    "Attributes": {
      "children": [],
      "title": null
    },
    "Methods": {
      "children": [],
      "title": null
    },
    "Notes": {
      "children": [],
      "title": null
    },
    "Warnings": {
      "children": [],
      "title": null
    }
  },
  "refs": [
    {
      "module": "distributed",
      "version": "2021.01.1+9.g613b3c820",
      "kind": "module",
      "path": "distributed.lock.Lock"
    },
    {
      "module": "distributed",
      "version": "2021.01.1+9.g613b3c820",
      "kind": "module",
      "path": "distributed.comm.tcp.set_tcp_timeout"
    },
    {
      "module": "distributed",
      "version": "2021.01.1+9.g613b3c820",
      "kind": "module",
      "path": "distributed.lock"
    }
  ],
  "ordered_sections": [
    "Summary",
    "Parameters",
    "Examples"
  ],
  "item_file": "/Users/bussonniermatthias/dev/distributed/distributed/lock.py",
  "item_line": 75,
  "item_type": "<class 'type'>",
  "aliases": [
    "distributed.Lock"
  ],
  "example_section_data": {
    "children": [
      {
        "type": "Code2",
        "data": {
          "entries": [
            {
              "type": "",
              "link": {
                "type": "Link",
                "data": {
                  "value": "lock",
                  "reference": {
                    "module": "distributed",
                    "version": "2021.01.1+9.g613b3c820",
                    "kind": "module",
                    "path": "distributed.lock"
                  },
                  "kind": "module",
                  "exists": true
                }
              }
            },
            {
              "type": "",
              "link": {
                "type": "str",
                "data": " "
              }
            },
            {
              "type": "o",
              "link": {
                "type": "str",
                "data": "="
              }
            },
            {
              "type": "",
              "link": {
                "type": "str",
                "data": " "
              }
            },
            {
              "type": "",
              "link": {
                "type": "Link",
                "data": {
                  "value": "Lock",
                  "reference": {
                    "module": "distributed",
                    "version": "2021.01.1+9.g613b3c820",
                    "kind": "module",
                    "path": "distributed.lock.Lock"
                  },
                  "kind": "module",
                  "exists": true
                }
              }
            },
            {
              "type": "",
              "link": {
                "type": "str",
                "data": "("
              }
            },
            {
              "type": "s1",
              "link": {
                "type": "str",
                "data": "'"
              }
            },
            {
              "type": "s1",
              "link": {
                "type": "str",
                "data": "x"
              }
            },
            {
              "type": "s1",
              "link": {
                "type": "str",
                "data": "'"
              }
            },
            {
              "type": "",
              "link": {
                "type": "str",
                "data": ")"
              }
            },
            {
              "type": "",
              "link": {
                "type": "str",
                "data": "  "
              }
            },
            {
              "type": "c1",
              "link": {
                "type": "str",
                "data": "# doctest: +SKIP"
              }
            },
            {
              "type": "",
              "link": {
                "type": "str",
                "data": "\n"
              }
            },
            {
              "type": "",
              "link": {
                "type": "Link",
                "data": {
                  "value": "lock",
                  "reference": {
                    "module": "distributed",
                    "version": "2021.01.1+9.g613b3c820",
                    "kind": "module",
                    "path": "distributed.lock"
                  },
                  "kind": "module",
                  "exists": true
                }
              }
            },
            {
              "type": "o",
              "link": {
                "type": "str",
                "data": "."
              }
            },
            {
              "type": "",
              "link": {
                "type": "str",
                "data": "acquire"
              }
            },
            {
              "type": "",
              "link": {
                "type": "str",
                "data": "("
              }
            },
            {
              "type": "",
              "link": {
                "type": "Link",
                "data": {
                  "value": "timeout",
                  "reference": {
                    "module": "distributed",
                    "version": "2021.01.1+9.g613b3c820",
                    "kind": "module",
                    "path": "distributed.comm.tcp.set_tcp_timeout"
                  },
                  "kind": "module",
                  "exists": true
                }
              }
            },
            {
              "type": "o",
              "link": {
                "type": "str",
                "data": "="
              }
            },
            {
              "type": "mi",
              "link": {
                "type": "str",
                "data": "1"
              }
            },
            {
              "type": "",
              "link": {
                "type": "str",
                "data": ")"
              }
            },
            {
              "type": "",
              "link": {
                "type": "str",
                "data": "  "
              }
            },
            {
              "type": "c1",
              "link": {
                "type": "str",
                "data": "# doctest: +SKIP"
              }
            },
            {
              "type": "",
              "link": {
                "type": "str",
                "data": "\n"
              }
            },
            {
              "type": "c1",
              "link": {
                "type": "str",
                "data": "# do things with protected resource"
              }
            },
            {
              "type": "",
              "link": {
                "type": "str",
                "data": "\n"
              }
            },
            {
              "type": "",
              "link": {
                "type": "Link",
                "data": {
                  "value": "lock",
                  "reference": {
                    "module": "distributed",
                    "version": "2021.01.1+9.g613b3c820",
                    "kind": "module",
                    "path": "distributed.lock"
                  },
                  "kind": "module",
                  "exists": true
                }
              }
            },
            {
              "type": "o",
              "link": {
                "type": "str",
                "data": "."
              }
            },
            {
              "type": "",
              "link": {
                "type": "str",
                "data": "release"
              }
            },
            {
              "type": "",
              "link": {
                "type": "str",
                "data": "("
              }
            },
            {
              "type": "",
              "link": {
                "type": "str",
                "data": ")"
              }
            },
            {
              "type": "",
              "link": {
                "type": "str",
                "data": "  "
              }
            },
            {
              "type": "c1",
              "link": {
                "type": "str",
                "data": "# doctest: +SKIP"
              }
            }
          ],
          "out": "",
          "ce_status": "compiled"
        }
      }
    ],
    "title": null
  },
  "see_also": [],
  "version": "2021.01.1+9.g613b3c820",
  "signature": "Lock(name=None, client=None)",
  "references": null,
  "logo": "logo.png",
  "qa": "distributed.lock.Lock",
  "arbitrary": []
}